
Microsoft Visual Studio Solution File, Format Version 12.00
# Visual Studio Version 17
VisualStudioVersion = 17.0.31903.59
MinimumVisualStudioVersion = 10.0.40219.1
Project("{FAE04EC0-301F-11D3-BF4B-00C04F79EFBC}") = "MarketingManagementAPI", "MarketingManagementAPI.csproj", "{03EA44CA-B115-4D50-9801-A0510A51CB09}"
EndProject
Project("{FAE04EC0-301F-11D3-BF4B-00C04F79EFBC}") = "Infrastructure", "..\Infrastructure\Infrastructure.csproj", "{978AA84E-8823-4626-8B00-A1B8D96F3529}"
EndProject
Project("{FAE04EC0-301F-11D3-BF4B-00C04F79EFBC}") = "Core", "..\Core\Core.csproj", "{E7E59C01-99F1-4D04-A5C3-2ECC4704AFDD}"
EndProject
Global
	GlobalSection(SolutionConfigurationPlatforms) = preSolution
		Debug|Any CPU = Debug|Any CPU
		Release|Any CPU = Release|Any CPU
	EndGlobalSection
	GlobalSection(ProjectConfigurationPlatforms) = postSolution
		{03EA44CA-B115-4D50-9801-A0510A51CB09}.Debug|Any CPU.ActiveCfg = Debug|Any CPU
		{03EA44CA-B115-4D50-9801-A0510A51CB09}.Debug|Any CPU.Build.0 = Debug|Any CPU
		{03EA44CA-B115-4D50-9801-A0510A51CB09}.Release|Any CPU.ActiveCfg = Release|Any CPU
		{03EA44CA-B115-4D50-9801-A0510A51CB09}.Release|Any CPU.Build.0 = Release|Any CPU
		{978AA84E-8823-4626-8B00-A1B8D96F3529}.Debug|Any CPU.ActiveCfg = Debug|Any CPU
		{978AA84E-8823-4626-8B00-A1B8D96F3529}.Debug|Any CPU.Build.0 = Debug|Any CPU
		{978AA84E-8823-4626-8B00-A1B8D96F3529}.Release|Any CPU.ActiveCfg = Release|Any CPU
		{978AA84E-8823-4626-8B00-A1B8D96F3529}.Release|Any CPU.Build.0 = Release|Any CPU
		{E7E59C01-99F1-4D04-A5C3-2ECC4704AFDD}.Debug|Any CPU.ActiveCfg = Debug|Any CPU
		{E7E59C01-99F1-4D04-A5C3-2ECC4704AFDD}.Debug|Any CPU.Build.0 = Debug|Any CPU
		{E7E59C01-99F1-4D04-A5C3-2ECC4704AFDD}.Release|Any CPU.ActiveCfg = Release|Any CPU
		{E7E59C01-99F1-4D04-A5C3-2ECC4704AFDD}.Release|Any CPU.Build.0 = Release|Any CPU
	EndGlobalSection
	GlobalSection(SolutionProperties) = preSolution
		HideSolutionNode = FALSE
	EndGlobalSection
	GlobalSection(ExtensibilityGlobals) = postSolution
		SolutionGuid = {7E3466F6-43A4-42E2-B6D8-5F94B0707968}
	EndGlobalSection
EndGlobal
